
Microsoft Visual Studio Solution File, Format Version 12.00
# Visual Studio Version 16
VisualStudioVersion = 16.0.30804.86
MinimumVisualStudioVersion = 10.0.40219.1
Project("{9A19103F-16F7-4668-BE54-9A1E7A4F7556}") = "LoggingService", "LoggingService\LoggingService.csproj", "{C7044649-0BD3-4351-B4AA-167A589DAA41}"
EndProject
Project("{2150E333-8FDC-42A3-9474-1A3956D46DE8}") = "src", "src", "{50404B4E-65AE-4B4C-B91D-D39877656AF9}"
EndProject
Project("{2150E333-8FDC-42A3-9474-1A3956D46DE8}") = "Core", "Core", "{EE9703AE-1DF1-464D-83D7-61D7C6904AB6}"
EndProject
Project("{2150E333-8FDC-42A3-9474-1A3956D46DE8}") = "Infastructure", "Infastructure", "{C5422077-726E-4A62-BCC6-84A355F18764}"
EndProject
Project("{2150E333-8FDC-42A3-9474-1A3956D46DE8}") = "Presentation", "Presentation", "{18666BD9-AE9C-4EC2-B702-6479ABFE41ED}"
EndProject
Project("{9A19103F-16F7-4668-BE54-9A1E7A4F7556}") = "LoggingService.Infrastructure", "LoggingService.Infrastructure\LoggingService.Infrastructure.csproj", "{FE932A3C-7C51-43F5-BB7B-8608E3522F7E}"
EndProject
Project("{9A19103F-16F7-4668-BE54-9A1E7A4F7556}") = "LoggingService.Core", "LoggingService.Core\LoggingService.Core.csproj", "{7CF11F50-D833-4CB7-80A3-A18A481B6B9C}"
EndProject
Project("{9A19103F-16F7-4668-BE54-9A1E7A4F7556}") = "LoggingService.SharedKernel", "LoggingService.Entities\LoggingService.SharedKernel.csproj", "{FA5A273B-30FD-44A4-ABE5-9323E916101F}"
EndProject
Project("{2150E333-8FDC-42A3-9474-1A3956D46DE8}") = "SharedKenrnel", "SharedKenrnel", "{1EB15816-D175-4B2B-B107-3EA38DEED192}"
EndProject
Project("{2150E333-8FDC-42A3-9474-1A3956D46DE8}") = "Client", "Client", "{1AFC7419-BCF9-41FE-89F1-6A103F4815D0}"
EndProject
Project("{FAE04EC0-301F-11D3-BF4B-00C04F79EFBC}") = "LoggingService.Client", "LoggingService.Client\LoggingService.Client.csproj", "{769573B2-3040-4B92-B715-D12B7F4ED627}"
EndProject
Global
	GlobalSection(SolutionConfigurationPlatforms) = preSolution
		Debug|Any CPU = Debug|Any CPU
		Release|Any CPU = Release|Any CPU
	EndGlobalSection
	GlobalSection(ProjectConfigurationPlatforms) = postSolution
		{C7044649-0BD3-4351-B4AA-167A589DAA41}.Debug|Any CPU.ActiveCfg = Debug|Any CPU
		{C7044649-0BD3-4351-B4AA-167A589DAA41}.Debug|Any CPU.Build.0 = Debug|Any CPU
		{C7044649-0BD3-4351-B4AA-167A589DAA41}.Release|Any CPU.ActiveCfg = Release|Any CPU
		{C7044649-0BD3-4351-B4AA-167A589DAA41}.Release|Any CPU.Build.0 = Release|Any CPU
		{FE932A3C-7C51-43F5-BB7B-8608E3522F7E}.Debug|Any CPU.ActiveCfg = Debug|Any CPU
		{FE932A3C-7C51-43F5-BB7B-8608E3522F7E}.Debug|Any CPU.Build.0 = Debug|Any CPU
		{FE932A3C-7C51-43F5-BB7B-8608E3522F7E}.Release|Any CPU.ActiveCfg = Release|Any CPU
		{FE932A3C-7C51-43F5-BB7B-8608E3522F7E}.Release|Any CPU.Build.0 = Release|Any CPU
		{7CF11F50-D833-4CB7-80A3-A18A481B6B9C}.Debug|Any CPU.ActiveCfg = Debug|Any CPU
		{7CF11F50-D833-4CB7-80A3-A18A481B6B9C}.Debug|Any CPU.Build.0 = Debug|Any CPU
		{7CF11F50-D833-4CB7-80A3-A18A481B6B9C}.Release|Any CPU.ActiveCfg = Release|Any CPU
		{7CF11F50-D833-4CB7-80A3-A18A481B6B9C}.Release|Any CPU.Build.0 = Release|Any CPU
		{FA5A273B-30FD-44A4-ABE5-9323E916101F}.Debug|Any CPU.ActiveCfg = Debug|Any CPU
		{FA5A273B-30FD-44A4-ABE5-9323E916101F}.Debug|Any CPU.Build.0 = Debug|Any CPU
		{FA5A273B-30FD-44A4-ABE5-9323E916101F}.Release|Any CPU.ActiveCfg = Release|Any CPU
		{FA5A273B-30FD-44A4-ABE5-9323E916101F}.Release|Any CPU.Build.0 = Release|Any CPU
		{769573B2-3040-4B92-B715-D12B7F4ED627}.Debug|Any CPU.ActiveCfg = Debug|Any CPU
		{769573B2-3040-4B92-B715-D12B7F4ED627}.Debug|Any CPU.Build.0 = Debug|Any CPU
		{769573B2-3040-4B92-B715-D12B7F4ED627}.Release|Any CPU.ActiveCfg = Release|Any CPU
		{769573B2-3040-4B92-B715-D12B7F4ED627}.Release|Any CPU.Build.0 = Release|Any CPU
	EndGlobalSection
	GlobalSection(SolutionProperties) = preSolution
		HideSolutionNode = FALSE
	EndGlobalSection
	GlobalSection(NestedProjects) = preSolution
		{C7044649-0BD3-4351-B4AA-167A589DAA41} = {18666BD9-AE9C-4EC2-B702-6479ABFE41ED}
		{EE9703AE-1DF1-464D-83D7-61D7C6904AB6} = {50404B4E-65AE-4B4C-B91D-D39877656AF9}
		{C5422077-726E-4A62-BCC6-84A355F18764} = {50404B4E-65AE-4B4C-B91D-D39877656AF9}
		{18666BD9-AE9C-4EC2-B702-6479ABFE41ED} = {50404B4E-65AE-4B4C-B91D-D39877656AF9}
		{FE932A3C-7C51-43F5-BB7B-8608E3522F7E} = {C5422077-726E-4A62-BCC6-84A355F18764}
		{7CF11F50-D833-4CB7-80A3-A18A481B6B9C} = {EE9703AE-1DF1-464D-83D7-61D7C6904AB6}
		{FA5A273B-30FD-44A4-ABE5-9323E916101F} = {1EB15816-D175-4B2B-B107-3EA38DEED192}
		{1EB15816-D175-4B2B-B107-3EA38DEED192} = {50404B4E-65AE-4B4C-B91D-D39877656AF9}
		{1AFC7419-BCF9-41FE-89F1-6A103F4815D0} = {50404B4E-65AE-4B4C-B91D-D39877656AF9}
		{769573B2-3040-4B92-B715-D12B7F4ED627} = {1AFC7419-BCF9-41FE-89F1-6A103F4815D0}
	EndGlobalSection
	GlobalSection(ExtensibilityGlobals) = postSolution
		SolutionGuid = {EE0A805D-7EA4-4698-8DD3-1DBC03177335}
	EndGlobalSection
EndGlobal
